
Microsoft Visual Studio Solution File, Format Version 12.00
# Visual Studio 15
VisualStudioVersion = 15.0.28307.421
MinimumVisualStudioVersion = 10.0.40219.1
Project("{FAE04EC0-301F-11D3-BF4B-00C04F79EFBC}") = "Decorator", "Decorator\Decorator.csproj", "{F5B329F3-44B2-4A65-93C1-50BC4312222D}"
EndProject
Global
	GlobalSection(SolutionConfigurationPlatforms) = preSolution
		Debug|Any CPU = Debug|Any CPU
		Release|Any CPU = Release|Any CPU
	EndGlobalSection
	GlobalSection(ProjectConfigurationPlatforms) = postSolution
		{F5B329F3-44B2-4A65-93C1-50BC4312222D}.Debug|Any CPU.ActiveCfg = Debug|Any CPU
		{F5B329F3-44B2-4A65-93C1-50BC4312222D}.Debug|Any CPU.Build.0 = Debug|Any CPU
		{F5B329F3-44B2-4A65-93C1-50BC4312222D}.Release|Any CPU.ActiveCfg = Release|Any CPU
		{F5B329F3-44B2-4A65-93C1-50BC4312222D}.Release|Any CPU.Build.0 = Release|Any CPU
	EndGlobalSection
	GlobalSection(SolutionProperties) = preSolution
		HideSolutionNode = FALSE
	EndGlobalSection
	GlobalSection(ExtensibilityGlobals) = postSolution
		SolutionGuid = {4DA035D5-836E-4D8D-AC07-B1BAA47F48D5}
	EndGlobalSection
EndGlobal
